
Microsoft Visual Studio Solution File, Format Version 12.00
# Visual Studio Version 16
VisualStudioVersion = 16.0.31702.278
MinimumVisualStudioVersion = 10.0.40219.1
Project("{FAE04EC0-301F-11D3-BF4B-00C04F79EFBC}") = "WebAPI", "WebAPI\WebAPI.csproj", "{404A7B2A-1C44-478E-AF70-F086D60753BE}"
EndProject
Project("{FAE04EC0-301F-11D3-BF4B-00C04F79EFBC}") = "Paul_Lorenaa_Lab12.Android", "Paul_Lorenaa_Lab12\Paul_Lorenaa_Lab12.Android\Paul_Lorenaa_Lab12.Android.csproj", "{E95E528F-9943-4840-A7DF-AB2604A4AC17}"
EndProject
Project("{FAE04EC0-301F-11D3-BF4B-00C04F79EFBC}") = "Paul_Lorenaa_Lab12.iOS", "Paul_Lorenaa_Lab12\Paul_Lorenaa_Lab12.iOS\Paul_Lorenaa_Lab12.iOS.csproj", "{1FF30838-83AC-471D-A1F5-2E53BD5B0436}"
EndProject
Project("{FAE04EC0-301F-11D3-BF4B-00C04F79EFBC}") = "Paul_Lorenaa_Lab12", "Paul_Lorenaa_Lab12\Paul_Lorenaa_Lab12\Paul_Lorenaa_Lab12.csproj", "{C67E9CCD-7320-45CA-9467-8C139E4BD656}"
EndProject
Global
	GlobalSection(SolutionConfigurationPlatforms) = preSolution
		Debug|Any CPU = Debug|Any CPU
		Debug|iPhone = Debug|iPhone
		Debug|iPhoneSimulator = Debug|iPhoneSimulator
		Release|Any CPU = Release|Any CPU
		Release|iPhone = Release|iPhone
		Release|iPhoneSimulator = Release|iPhoneSimulator
	EndGlobalSection
	GlobalSection(ProjectConfigurationPlatforms) = postSolution
		{404A7B2A-1C44-478E-AF70-F086D60753BE}.Debug|Any CPU.ActiveCfg = Debug|Any CPU
		{404A7B2A-1C44-478E-AF70-F086D60753BE}.Debug|Any CPU.Build.0 = Debug|Any CPU
		{404A7B2A-1C44-478E-AF70-F086D60753BE}.Debug|iPhone.ActiveCfg = Debug|Any CPU
		{404A7B2A-1C44-478E-AF70-F086D60753BE}.Debug|iPhone.Build.0 = Debug|Any CPU
		{404A7B2A-1C44-478E-AF70-F086D60753BE}.Debug|iPhoneSimulator.ActiveCfg = Debug|Any CPU
		{404A7B2A-1C44-478E-AF70-F086D60753BE}.Debug|iPhoneSimulator.Build.0 = Debug|Any CPU
		{404A7B2A-1C44-478E-AF70-F086D60753BE}.Release|Any CPU.ActiveCfg = Release|Any CPU
		{404A7B2A-1C44-478E-AF70-F086D60753BE}.Release|Any CPU.Build.0 = Release|Any CPU
		{404A7B2A-1C44-478E-AF70-F086D60753BE}.Release|iPhone.ActiveCfg = Release|Any CPU
		{404A7B2A-1C44-478E-AF70-F086D60753BE}.Release|iPhone.Build.0 = Release|Any CPU
		{404A7B2A-1C44-478E-AF70-F086D60753BE}.Release|iPhoneSimulator.ActiveCfg = Release|Any CPU
		{404A7B2A-1C44-478E-AF70-F086D60753BE}.Release|iPhoneSimulator.Build.0 = Release|Any CPU
		{E95E528F-9943-4840-A7DF-AB2604A4AC17}.Debug|Any CPU.ActiveCfg = Debug|Any CPU
		{E95E528F-9943-4840-A7DF-AB2604A4AC17}.Debug|Any CPU.Build.0 = Debug|Any CPU
		{E95E528F-9943-4840-A7DF-AB2604A4AC17}.Debug|Any CPU.Deploy.0 = Debug|Any CPU
		{E95E528F-9943-4840-A7DF-AB2604A4AC17}.Debug|iPhone.ActiveCfg = Debug|Any CPU
		{E95E528F-9943-4840-A7DF-AB2604A4AC17}.Debug|iPhone.Build.0 = Debug|Any CPU
		{E95E528F-9943-4840-A7DF-AB2604A4AC17}.Debug|iPhone.Deploy.0 = Debug|Any CPU
		{E95E528F-9943-4840-A7DF-AB2604A4AC17}.Debug|iPhoneSimulator.ActiveCfg = Debug|Any CPU
		{E95E528F-9943-4840-A7DF-AB2604A4AC17}.Debug|iPhoneSimulator.Build.0 = Debug|Any CPU
		{E95E528F-9943-4840-A7DF-AB2604A4AC17}.Debug|iPhoneSimulator.Deploy.0 = Debug|Any CPU
		{E95E528F-9943-4840-A7DF-AB2604A4AC17}.Release|Any CPU.ActiveCfg = Release|Any CPU
		{E95E528F-9943-4840-A7DF-AB2604A4AC17}.Release|Any CPU.Build.0 = Release|Any CPU
		{E95E528F-9943-4840-A7DF-AB2604A4AC17}.Release|Any CPU.Deploy.0 = Release|Any CPU
		{E95E528F-9943-4840-A7DF-AB2604A4AC17}.Release|iPhone.ActiveCfg = Release|Any CPU
		{E95E528F-9943-4840-A7DF-AB2604A4AC17}.Release|iPhone.Build.0 = Release|Any CPU
		{E95E528F-9943-4840-A7DF-AB2604A4AC17}.Release|iPhone.Deploy.0 = Release|Any CPU
		{E95E528F-9943-4840-A7DF-AB2604A4AC17}.Release|iPhoneSimulator.ActiveCfg = Release|Any CPU
		{E95E528F-9943-4840-A7DF-AB2604A4AC17}.Release|iPhoneSimulator.Build.0 = Release|Any CPU
		{E95E528F-9943-4840-A7DF-AB2604A4AC17}.Release|iPhoneSimulator.Deploy.0 = Release|Any CPU
		{1FF30838-83AC-471D-A1F5-2E53BD5B0436}.Debug|Any CPU.ActiveCfg = Debug|iPhoneSimulator
		{1FF30838-83AC-471D-A1F5-2E53BD5B0436}.Debug|iPhone.ActiveCfg = Debug|iPhone
		{1FF30838-83AC-471D-A1F5-2E53BD5B0436}.Debug|iPhone.Build.0 = Debug|iPhone
		{1FF30838-83AC-471D-A1F5-2E53BD5B0436}.Debug|iPhoneSimulator.ActiveCfg = Debug|iPhoneSimulator
		{1FF30838-83AC-471D-A1F5-2E53BD5B0436}.Debug|iPhoneSimulator.Build.0 = Debug|iPhoneSimulator
		{1FF30838-83AC-471D-A1F5-2E53BD5B0436}.Release|Any CPU.ActiveCfg = Release|iPhoneSimulator
		{1FF30838-83AC-471D-A1F5-2E53BD5B0436}.Release|iPhone.ActiveCfg = Release|iPhone
		{1FF30838-83AC-471D-A1F5-2E53BD5B0436}.Release|iPhone.Build.0 = Release|iPhone
		{1FF30838-83AC-471D-A1F5-2E53BD5B0436}.Release|iPhoneSimulator.ActiveCfg = Release|iPhoneSimulator
		{1FF30838-83AC-471D-A1F5-2E53BD5B0436}.Release|iPhoneSimulator.Build.0 = Release|iPhoneSimulator
		{C67E9CCD-7320-45CA-9467-8C139E4BD656}.Debug|Any CPU.ActiveCfg = Debug|Any CPU
		{C67E9CCD-7320-45CA-9467-8C139E4BD656}.Debug|Any CPU.Build.0 = Debug|Any CPU
		{C67E9CCD-7320-45CA-9467-8C139E4BD656}.Debug|iPhone.ActiveCfg = Debug|Any CPU
		{C67E9CCD-7320-45CA-9467-8C139E4BD656}.Debug|iPhone.Build.0 = Debug|Any CPU
		{C67E9CCD-7320-45CA-9467-8C139E4BD656}.Debug|iPhoneSimulator.ActiveCfg = Debug|Any CPU
		{C67E9CCD-7320-45CA-9467-8C139E4BD656}.Debug|iPhoneSimulator.Build.0 = Debug|Any CPU
		{C67E9CCD-7320-45CA-9467-8C139E4BD656}.Release|Any CPU.ActiveCfg = Release|Any CPU
		{C67E9CCD-7320-45CA-9467-8C139E4BD656}.Release|Any CPU.Build.0 = Release|Any CPU
		{C67E9CCD-7320-45CA-9467-8C139E4BD656}.Release|iPhone.ActiveCfg = Release|Any CPU
		{C67E9CCD-7320-45CA-9467-8C139E4BD656}.Release|iPhone.Build.0 = Release|Any CPU
		{C67E9CCD-7320-45CA-9467-8C139E4BD656}.Release|iPhoneSimulator.ActiveCfg = Release|Any CPU
		{C67E9CCD-7320-45CA-9467-8C139E4BD656}.Release|iPhoneSimulator.Build.0 = Release|Any CPU
	EndGlobalSection
	GlobalSection(SolutionProperties) = preSolution
		HideSolutionNode = FALSE
	EndGlobalSection
	GlobalSection(ExtensibilityGlobals) = postSolution
		SolutionGuid = {C0799CF5-CA97-437D-A0E1-6EF90825D3B0}
	EndGlobalSection
EndGlobal
